
Microsoft Visual Studio Solution File, Format Version 12.00
# Visual Studio 2012
Project("{FAE04EC0-301F-11D3-BF4B-00C04F79EFBC}") = "FlappyBird.CSharp.Plugins", "FlappyBird.CSharp.Plugins.csproj", "{326F8911-8699-0B90-2C94-47881F982902}"
EndProject
Project("{FAE04EC0-301F-11D3-BF4B-00C04F79EFBC}") = "FlappyBird.CSharp", "FlappyBird.CSharp.csproj", "{BCBE009D-8A06-5D1E-1D2F-057D3C929A6B}"
EndProject
Global
	GlobalSection(SolutionConfigurationPlatforms) = preSolution
		Debug|Any CPU = Debug|Any CPU
		Release|Any CPU = Release|Any CPU
	EndGlobalSection
	GlobalSection(ProjectConfigurationPlatforms) = postSolution
		{326F8911-8699-0B90-2C94-47881F982902}.Debug|Any CPU.ActiveCfg = Debug|Any CPU
		{326F8911-8699-0B90-2C94-47881F982902}.Debug|Any CPU.Build.0 = Debug|Any CPU
		{326F8911-8699-0B90-2C94-47881F982902}.Release|Any CPU.ActiveCfg = Release|Any CPU
		{326F8911-8699-0B90-2C94-47881F982902}.Release|Any CPU.Build.0 = Release|Any CPU
		{BCBE009D-8A06-5D1E-1D2F-057D3C929A6B}.Debug|Any CPU.ActiveCfg = Debug|Any CPU
		{BCBE009D-8A06-5D1E-1D2F-057D3C929A6B}.Debug|Any CPU.Build.0 = Debug|Any CPU
		{BCBE009D-8A06-5D1E-1D2F-057D3C929A6B}.Release|Any CPU.ActiveCfg = Release|Any CPU
		{BCBE009D-8A06-5D1E-1D2F-057D3C929A6B}.Release|Any CPU.Build.0 = Release|Any CPU
	EndGlobalSection
	GlobalSection(SolutionProperties) = preSolution
		HideSolutionNode = FALSE
	EndGlobalSection
EndGlobal
